
Microsoft Visual Studio Solution File, Format Version 12.00
# Visual Studio Version 17
VisualStudioVersion = 17.9.34728.123
MinimumVisualStudioVersion = 10.0.40219.1
Project("{FAE04EC0-301F-11D3-BF4B-00C04F79EFBC}") = "PROG7311_New_POE", "PROG7311_New_POE.csproj", "{BF8C4C51-E0EF-46D0-8892-1D58518A824E}"
EndProject
Global
	GlobalSection(SolutionConfigurationPlatforms) = preSolution
		Debug|Any CPU = Debug|Any CPU
		Release|Any CPU = Release|Any CPU
	EndGlobalSection
	GlobalSection(ProjectConfigurationPlatforms) = postSolution
		{BF8C4C51-E0EF-46D0-8892-1D58518A824E}.Debug|Any CPU.ActiveCfg = Debug|Any CPU
		{BF8C4C51-E0EF-46D0-8892-1D58518A824E}.Debug|Any CPU.Build.0 = Debug|Any CPU
		{BF8C4C51-E0EF-46D0-8892-1D58518A824E}.Release|Any CPU.ActiveCfg = Release|Any CPU
		{BF8C4C51-E0EF-46D0-8892-1D58518A824E}.Release|Any CPU.Build.0 = Release|Any CPU
	EndGlobalSection
	GlobalSection(SolutionProperties) = preSolution
		HideSolutionNode = FALSE
	EndGlobalSection
	GlobalSection(ExtensibilityGlobals) = postSolution
		SolutionGuid = {92DB83D4-AB1C-4B70-9AF8-38DB7C95825C}
	EndGlobalSection
EndGlobal
